
Microsoft Visual Studio Solution File, Format Version 12.00
# Visual Studio Version 17
VisualStudioVersion = 17.2.32630.192
MinimumVisualStudioVersion = 10.0.40219.1
Project("{FAE04EC0-301F-11D3-BF4B-00C04F79EFBC}") = "TaffPizza.Android", "TaffPizza.Android\TaffPizza.Android.csproj", "{18B097A5-8824-41B2-A835-17A5E4859E8E}"
EndProject
Project("{FAE04EC0-301F-11D3-BF4B-00C04F79EFBC}") = "TaffPizza.iOS", "TaffPizza.iOS\TaffPizza.iOS.csproj", "{D38A4A4A-26E2-448A-BA73-71FE1AC32FCF}"
EndProject
Project("{FAE04EC0-301F-11D3-BF4B-00C04F79EFBC}") = "TaffPizza", "TaffPizza\TaffPizza.csproj", "{2CBCB271-414B-41F5-AD96-72BCB94AF74D}"
EndProject
Global
	GlobalSection(SolutionConfigurationPlatforms) = preSolution
		Debug|Any CPU = Debug|Any CPU
		Debug|iPhone = Debug|iPhone
		Debug|iPhoneSimulator = Debug|iPhoneSimulator
		Release|Any CPU = Release|Any CPU
		Release|iPhone = Release|iPhone
		Release|iPhoneSimulator = Release|iPhoneSimulator
	EndGlobalSection
	GlobalSection(ProjectConfigurationPlatforms) = postSolution
		{18B097A5-8824-41B2-A835-17A5E4859E8E}.Debug|Any CPU.ActiveCfg = Debug|Any CPU
		{18B097A5-8824-41B2-A835-17A5E4859E8E}.Debug|Any CPU.Build.0 = Debug|Any CPU
		{18B097A5-8824-41B2-A835-17A5E4859E8E}.Debug|Any CPU.Deploy.0 = Debug|Any CPU
		{18B097A5-8824-41B2-A835-17A5E4859E8E}.Debug|iPhone.ActiveCfg = Debug|Any CPU
		{18B097A5-8824-41B2-A835-17A5E4859E8E}.Debug|iPhone.Build.0 = Debug|Any CPU
		{18B097A5-8824-41B2-A835-17A5E4859E8E}.Debug|iPhone.Deploy.0 = Debug|Any CPU
		{18B097A5-8824-41B2-A835-17A5E4859E8E}.Debug|iPhoneSimulator.ActiveCfg = Debug|Any CPU
		{18B097A5-8824-41B2-A835-17A5E4859E8E}.Debug|iPhoneSimulator.Build.0 = Debug|Any CPU
		{18B097A5-8824-41B2-A835-17A5E4859E8E}.Debug|iPhoneSimulator.Deploy.0 = Debug|Any CPU
		{18B097A5-8824-41B2-A835-17A5E4859E8E}.Release|Any CPU.ActiveCfg = Release|Any CPU
		{18B097A5-8824-41B2-A835-17A5E4859E8E}.Release|Any CPU.Build.0 = Release|Any CPU
		{18B097A5-8824-41B2-A835-17A5E4859E8E}.Release|Any CPU.Deploy.0 = Release|Any CPU
		{18B097A5-8824-41B2-A835-17A5E4859E8E}.Release|iPhone.ActiveCfg = Release|Any CPU
		{18B097A5-8824-41B2-A835-17A5E4859E8E}.Release|iPhone.Build.0 = Release|Any CPU
		{18B097A5-8824-41B2-A835-17A5E4859E8E}.Release|iPhone.Deploy.0 = Release|Any CPU
		{18B097A5-8824-41B2-A835-17A5E4859E8E}.Release|iPhoneSimulator.ActiveCfg = Release|Any CPU
		{18B097A5-8824-41B2-A835-17A5E4859E8E}.Release|iPhoneSimulator.Build.0 = Release|Any CPU
		{18B097A5-8824-41B2-A835-17A5E4859E8E}.Release|iPhoneSimulator.Deploy.0 = Release|Any CPU
		{D38A4A4A-26E2-448A-BA73-71FE1AC32FCF}.Debug|Any CPU.ActiveCfg = Debug|iPhone
		{D38A4A4A-26E2-448A-BA73-71FE1AC32FCF}.Debug|Any CPU.Build.0 = Debug|iPhone
		{D38A4A4A-26E2-448A-BA73-71FE1AC32FCF}.Debug|Any CPU.Deploy.0 = Debug|iPhone
		{D38A4A4A-26E2-448A-BA73-71FE1AC32FCF}.Debug|iPhone.ActiveCfg = Debug|iPhone
		{D38A4A4A-26E2-448A-BA73-71FE1AC32FCF}.Debug|iPhone.Build.0 = Debug|iPhone
		{D38A4A4A-26E2-448A-BA73-71FE1AC32FCF}.Debug|iPhone.Deploy.0 = Debug|iPhone
		{D38A4A4A-26E2-448A-BA73-71FE1AC32FCF}.Debug|iPhoneSimulator.ActiveCfg = Debug|iPhoneSimulator
		{D38A4A4A-26E2-448A-BA73-71FE1AC32FCF}.Debug|iPhoneSimulator.Build.0 = Debug|iPhoneSimulator
		{D38A4A4A-26E2-448A-BA73-71FE1AC32FCF}.Debug|iPhoneSimulator.Deploy.0 = Debug|iPhoneSimulator
		{D38A4A4A-26E2-448A-BA73-71FE1AC32FCF}.Release|Any CPU.ActiveCfg = Release|iPhoneSimulator
		{D38A4A4A-26E2-448A-BA73-71FE1AC32FCF}.Release|Any CPU.Build.0 = Release|iPhoneSimulator
		{D38A4A4A-26E2-448A-BA73-71FE1AC32FCF}.Release|Any CPU.Deploy.0 = Release|iPhoneSimulator
		{D38A4A4A-26E2-448A-BA73-71FE1AC32FCF}.Release|iPhone.ActiveCfg = Release|iPhone
		{D38A4A4A-26E2-448A-BA73-71FE1AC32FCF}.Release|iPhone.Build.0 = Release|iPhone
		{D38A4A4A-26E2-448A-BA73-71FE1AC32FCF}.Release|iPhone.Deploy.0 = Release|iPhone
		{D38A4A4A-26E2-448A-BA73-71FE1AC32FCF}.Release|iPhoneSimulator.ActiveCfg = Release|iPhoneSimulator
		{D38A4A4A-26E2-448A-BA73-71FE1AC32FCF}.Release|iPhoneSimulator.Build.0 = Release|iPhoneSimulator
		{D38A4A4A-26E2-448A-BA73-71FE1AC32FCF}.Release|iPhoneSimulator.Deploy.0 = Release|iPhoneSimulator
		{2CBCB271-414B-41F5-AD96-72BCB94AF74D}.Debug|Any CPU.ActiveCfg = Debug|Any CPU
		{2CBCB271-414B-41F5-AD96-72BCB94AF74D}.Debug|Any CPU.Build.0 = Debug|Any CPU
		{2CBCB271-414B-41F5-AD96-72BCB94AF74D}.Debug|Any CPU.Deploy.0 = Debug|Any CPU
		{2CBCB271-414B-41F5-AD96-72BCB94AF74D}.Debug|iPhone.ActiveCfg = Debug|Any CPU
		{2CBCB271-414B-41F5-AD96-72BCB94AF74D}.Debug|iPhone.Build.0 = Debug|Any CPU
		{2CBCB271-414B-41F5-AD96-72BCB94AF74D}.Debug|iPhone.Deploy.0 = Debug|Any CPU
		{2CBCB271-414B-41F5-AD96-72BCB94AF74D}.Debug|iPhoneSimulator.ActiveCfg = Debug|Any CPU
		{2CBCB271-414B-41F5-AD96-72BCB94AF74D}.Debug|iPhoneSimulator.Build.0 = Debug|Any CPU
		{2CBCB271-414B-41F5-AD96-72BCB94AF74D}.Debug|iPhoneSimulator.Deploy.0 = Debug|Any CPU
		{2CBCB271-414B-41F5-AD96-72BCB94AF74D}.Release|Any CPU.ActiveCfg = Release|Any CPU
		{2CBCB271-414B-41F5-AD96-72BCB94AF74D}.Release|Any CPU.Build.0 = Release|Any CPU
		{2CBCB271-414B-41F5-AD96-72BCB94AF74D}.Release|Any CPU.Deploy.0 = Release|Any CPU
		{2CBCB271-414B-41F5-AD96-72BCB94AF74D}.Release|iPhone.ActiveCfg = Release|Any CPU
		{2CBCB271-414B-41F5-AD96-72BCB94AF74D}.Release|iPhone.Build.0 = Release|Any CPU
		{2CBCB271-414B-41F5-AD96-72BCB94AF74D}.Release|iPhone.Deploy.0 = Release|Any CPU
		{2CBCB271-414B-41F5-AD96-72BCB94AF74D}.Release|iPhoneSimulator.ActiveCfg = Release|Any CPU
		{2CBCB271-414B-41F5-AD96-72BCB94AF74D}.Release|iPhoneSimulator.Build.0 = Release|Any CPU
		{2CBCB271-414B-41F5-AD96-72BCB94AF74D}.Release|iPhoneSimulator.Deploy.0 = Release|Any CPU
	EndGlobalSection
	GlobalSection(SolutionProperties) = preSolution
		HideSolutionNode = FALSE
	EndGlobalSection
	GlobalSection(ExtensibilityGlobals) = postSolution
		SolutionGuid = {3F1B1737-FC6F-489C-8206-13A9217A88CA}
	EndGlobalSection
EndGlobal
